
Microsoft Visual Studio Solution File, Format Version 12.00
# Visual Studio Version 16
VisualStudioVersion = 16.0.32126.315
MinimumVisualStudioVersion = 10.0.40219.1
Project("{FAE04EC0-301F-11D3-BF4B-00C04F79EFBC}") = "RevitAPITraining51", "RevitAPITraining51\RevitAPITraining51.csproj", "{312CBFCE-91A2-4915-86DC-00E8474BB8B4}"
EndProject
Project("{FAE04EC0-301F-11D3-BF4B-00C04F79EFBC}") = "RevitAPITrainingLibrary", "..\RevitAPITrainingLibrary\RevitAPITrainingLibrary\RevitAPITrainingLibrary.csproj", "{F88DF5E2-0413-4BDB-81A1-3D2E60E7BF74}"
EndProject
Global
	GlobalSection(SolutionConfigurationPlatforms) = preSolution
		Debug|Any CPU = Debug|Any CPU
		Release|Any CPU = Release|Any CPU
	EndGlobalSection
	GlobalSection(ProjectConfigurationPlatforms) = postSolution
		{312CBFCE-91A2-4915-86DC-00E8474BB8B4}.Debug|Any CPU.ActiveCfg = Debug|Any CPU
		{312CBFCE-91A2-4915-86DC-00E8474BB8B4}.Debug|Any CPU.Build.0 = Debug|Any CPU
		{312CBFCE-91A2-4915-86DC-00E8474BB8B4}.Release|Any CPU.ActiveCfg = Release|Any CPU
		{312CBFCE-91A2-4915-86DC-00E8474BB8B4}.Release|Any CPU.Build.0 = Release|Any CPU
		{F88DF5E2-0413-4BDB-81A1-3D2E60E7BF74}.Debug|Any CPU.ActiveCfg = Debug|Any CPU
		{F88DF5E2-0413-4BDB-81A1-3D2E60E7BF74}.Debug|Any CPU.Build.0 = Debug|Any CPU
		{F88DF5E2-0413-4BDB-81A1-3D2E60E7BF74}.Release|Any CPU.ActiveCfg = Release|Any CPU
		{F88DF5E2-0413-4BDB-81A1-3D2E60E7BF74}.Release|Any CPU.Build.0 = Release|Any CPU
	EndGlobalSection
	GlobalSection(SolutionProperties) = preSolution
		HideSolutionNode = FALSE
	EndGlobalSection
	GlobalSection(ExtensibilityGlobals) = postSolution
		SolutionGuid = {82353CC6-A54B-4D56-8797-AEE1B6C8DE55}
	EndGlobalSection
EndGlobal
